
Microsoft Visual Studio Solution File, Format Version 12.00
# Visual Studio Version 16
VisualStudioVersion = 16.0.30225.117
MinimumVisualStudioVersion = 10.0.40219.1
Project("{FAE04EC0-301F-11D3-BF4B-00C04F79EFBC}") = "2z", "2z\2z.csproj", "{BC82794E-B7EE-4090-83DD-46CB530F80E8}"
EndProject
Global
	GlobalSection(SolutionConfigurationPlatforms) = preSolution
		Debug|Any CPU = Debug|Any CPU
		Release|Any CPU = Release|Any CPU
	EndGlobalSection
	GlobalSection(ProjectConfigurationPlatforms) = postSolution
		{BC82794E-B7EE-4090-83DD-46CB530F80E8}.Debug|Any CPU.ActiveCfg = Debug|Any CPU
		{BC82794E-B7EE-4090-83DD-46CB530F80E8}.Debug|Any CPU.Build.0 = Debug|Any CPU
		{BC82794E-B7EE-4090-83DD-46CB530F80E8}.Release|Any CPU.ActiveCfg = Release|Any CPU
		{BC82794E-B7EE-4090-83DD-46CB530F80E8}.Release|Any CPU.Build.0 = Release|Any CPU
	EndGlobalSection
	GlobalSection(SolutionProperties) = preSolution
		HideSolutionNode = FALSE
	EndGlobalSection
	GlobalSection(ExtensibilityGlobals) = postSolution
		SolutionGuid = {45901C44-4A49-45DC-A4A7-9794A7AC4141}
	EndGlobalSection
EndGlobal
